devDependencies:
  '@sindresorhus/slugify': 1.1.0
  golden-fleece: 1.0.9
  marked: 2.0.1
  prism-svelte: 0.4.7
  prismjs: 1.23.0
lockfileVersion: 5.2
packages:
  /@sindresorhus/slugify/1.1.0:
    dependencies:
      '@sindresorhus/transliterate': 0.1.1
      escape-string-regexp: 4.0.0
    dev: true
    engines:
      node: '>=10'
    resolution:
      integrity: sha512-ujZRbmmizX26yS/HnB3P9QNlNa4+UvHh+rIse3RbOXLp8yl6n1TxB4t7NHggtVgS8QmmOtzXo48kCxZGACpkPw==
  /@sindresorhus/transliterate/0.1.1:
    dependencies:
      escape-string-regexp: 2.0.0
      lodash.deburr: 4.1.0
    dev: true
    engines:
      node: '>=10'
    resolution:
      integrity: sha512-QSdIQ5keUFAZ3KLbfbsntW39ox0Ym8183RqTwBq/ZEFoN3NQAtGV+qWaNdzKpIDHgj9J2CQ2iNDRVU11Zyr7MQ==
  /clipboard/2.0.8:
    dependencies:
      good-listener: 1.2.2
      select: 1.1.2
      tiny-emitter: 2.1.0
    dev: true
    optional: true
    resolution:
      integrity: sha512-Y6WO0unAIQp5bLmk1zdThRhgJt/x3ks6f30s3oE3H1mgIEU33XyQjEf8gsf6DxC7NPX8Y1SsNWjUjL/ywLnnbQ==
  /delegate/3.2.0:
    dev: true
    optional: true
    resolution:
      integrity: sha512-IofjkYBZaZivn0V8nnsMJGBr4jVLxHDheKSW88PyxS5QC4Vo9ZbZVvhzlSxY87fVq3STR6r+4cGepyHkcWOQSw==
  /escape-string-regexp/2.0.0:
    dev: true
    engines:
      node: '>=8'
    resolution:
      integrity: sha512-UpzcLCXolUWcNu5HtVMHYdXJjArjsF9C0aNnquZYY4uW/Vu0miy5YoWvbV345HauVvcAUnpRuhMMcqTcGOY2+w==
  /escape-string-regexp/4.0.0:
    dev: true
    engines:
      node: '>=10'
    resolution:
      integrity: sha512-TtpcNJ3XAzx3Gq8sWRzJaVajRs0uVxA2YAkdb1jm2YkPz4G6egUFAyA3n5vtEIZefPk5Wa4UXbKuS5fKkJWdgA==
  /golden-fleece/1.0.9:
    dev: true
    resolution:
      integrity: sha512-YSwLaGMOgSBx9roJlNLL12c+FRiw7VECphinc6mGucphc/ZxTHgdEz6gmJqH6NOzYEd/yr64hwjom5pZ+tJVpg==
  /good-listener/1.2.2:
    dependencies:
      delegate: 3.2.0
    dev: true
    optional: true
    resolution:
      integrity: sha1-1TswzfkxPf+33JoNR3CWqm0UXFA=
  /lodash.deburr/4.1.0:
    dev: true
    resolution:
      integrity: sha1-3bG7s+8HRYwBd7oH3hRCLLAz/5s=
  /marked/2.0.1:
    dev: true
    engines:
      node: '>= 8.16.2'
    hasBin: true
    resolution:
      integrity: sha512-5+/fKgMv2hARmMW7DOpykr2iLhl0NgjyELk5yn92iE7z8Se1IS9n3UsFm86hFXIkvMBmVxki8+ckcpjBeyo/hw==
  /prism-svelte/0.4.7:
    dev: true
    resolution:
      integrity: sha512-yABh19CYbM24V7aS7TuPYRNMqthxwbvx6FF/Rw920YbyBWO3tnyPIqRMgHuSVsLmuHkkBS1Akyof463FVdkeDQ==
  /prismjs/1.23.0:
    dev: true
    optionalDependencies:
      clipboard: 2.0.8
    resolution:
      integrity: sha512-c29LVsqOaLbBHuIbsTxaKENh1N2EQBOHaWv7gkHN4dgRbxSREqDnDbtFJYdpPauS4YCplMSNCABQ6Eeor69bAA==
  /select/1.1.2:
    dev: true
    optional: true
    resolution:
      integrity: sha1-DnNQrN7ICxEIUoeG7B1EGNEbOW0=
  /tiny-emitter/2.1.0:
    dev: true
    optional: true
    resolution:
      integrity: sha512-NB6Dk1A9xgQPMoGqC5CVXn123gWyte215ONT5Pp5a0yt4nlEoO1ZWeCwpncaekPHXO60i47ihFnZPiRPjRMq4Q==
specifiers:
  '@sindresorhus/slugify': ^1.1.0
  golden-fleece: ^1.0.9
  marked: ^2.0.1
  prism-svelte: ^0.4.7
  prismjs: ^1.23.0
